
Microsoft Visual Studio Solution File, Format Version 12.00
# Visual Studio Version 16
VisualStudioVersion = 16.0.31321.278
MinimumVisualStudioVersion = 10.0.40219.1
Project("{FAE04EC0-301F-11D3-BF4B-00C04F79EFBC}") = "NLayerProjeWebApi", "NLayerProjeWebApi\NLayerProjeWebApi.csproj", "{5DBC6B12-0C7C-4C63-96C5-1898D530B0A3}"
EndProject
Project("{FAE04EC0-301F-11D3-BF4B-00C04F79EFBC}") = "NLayerProject.Core", "NLayerProject.Core\NLayerProject.Core.csproj", "{0FA2BFF9-713C-4E0C-890C-3EC4D68777A5}"
EndProject
Project("{FAE04EC0-301F-11D3-BF4B-00C04F79EFBC}") = "NLayerProject.Data", "NLayerProject.Data\NLayerProject.Data.csproj", "{79AFB481-6CF6-49A7-B458-3207CB0B70D4}"
EndProject
Project("{FAE04EC0-301F-11D3-BF4B-00C04F79EFBC}") = "NLayerProject.Service", "NLayerProject.Service\NLayerProject.Service.csproj", "{FC5A75BE-D3C6-4463-A78D-5195639AA3E2}"
EndProject
Global
	GlobalSection(SolutionConfigurationPlatforms) = preSolution
		Debug|Any CPU = Debug|Any CPU
		Release|Any CPU = Release|Any CPU
	EndGlobalSection
	GlobalSection(ProjectConfigurationPlatforms) = postSolution
		{5DBC6B12-0C7C-4C63-96C5-1898D530B0A3}.Debug|Any CPU.ActiveCfg = Debug|Any CPU
		{5DBC6B12-0C7C-4C63-96C5-1898D530B0A3}.Debug|Any CPU.Build.0 = Debug|Any CPU
		{5DBC6B12-0C7C-4C63-96C5-1898D530B0A3}.Release|Any CPU.ActiveCfg = Release|Any CPU
		{5DBC6B12-0C7C-4C63-96C5-1898D530B0A3}.Release|Any CPU.Build.0 = Release|Any CPU
		{0FA2BFF9-713C-4E0C-890C-3EC4D68777A5}.Debug|Any CPU.ActiveCfg = Debug|Any CPU
		{0FA2BFF9-713C-4E0C-890C-3EC4D68777A5}.Debug|Any CPU.Build.0 = Debug|Any CPU
		{0FA2BFF9-713C-4E0C-890C-3EC4D68777A5}.Release|Any CPU.ActiveCfg = Release|Any CPU
		{0FA2BFF9-713C-4E0C-890C-3EC4D68777A5}.Release|Any CPU.Build.0 = Release|Any CPU
		{79AFB481-6CF6-49A7-B458-3207CB0B70D4}.Debug|Any CPU.ActiveCfg = Debug|Any CPU
		{79AFB481-6CF6-49A7-B458-3207CB0B70D4}.Debug|Any CPU.Build.0 = Debug|Any CPU
		{79AFB481-6CF6-49A7-B458-3207CB0B70D4}.Release|Any CPU.ActiveCfg = Release|Any CPU
		{79AFB481-6CF6-49A7-B458-3207CB0B70D4}.Release|Any CPU.Build.0 = Release|Any CPU
		{FC5A75BE-D3C6-4463-A78D-5195639AA3E2}.Debug|Any CPU.ActiveCfg = Debug|Any CPU
		{FC5A75BE-D3C6-4463-A78D-5195639AA3E2}.Debug|Any CPU.Build.0 = Debug|Any CPU
		{FC5A75BE-D3C6-4463-A78D-5195639AA3E2}.Release|Any CPU.ActiveCfg = Release|Any CPU
		{FC5A75BE-D3C6-4463-A78D-5195639AA3E2}.Release|Any CPU.Build.0 = Release|Any CPU
	EndGlobalSection
	GlobalSection(SolutionProperties) = preSolution
		HideSolutionNode = FALSE
	EndGlobalSection
	GlobalSection(ExtensibilityGlobals) = postSolution
		SolutionGuid = {D722CEAE-34F1-4441-BDC6-4133037D2B72}
	EndGlobalSection
EndGlobal
